Microsoft Visual Studio Solution File, Format Version 12.00
# Visual Studio Version 17
VisualStudioVersion = 17.0.31903.59
MinimumVisualStudioVersion = 10.0.40219.1
Project("{FAE04EC0-301F-11D3-BF4B-00C04F79EFBC}") = "HelloWorldApi", "HelloWorldApi\HelloWorldApi.csproj", "{72A0F8B7-2C4D-4EF3-9E5A-123456789ABC}"
EndProject
Project("{FAE04EC0-301F-11D3-BF4B-00C04F79EFBC}") = "HelloWorldApi.Tests", "HelloWorldApi.Tests\HelloWorldApi.Tests.csproj", "{8F9D2B4A-1E5C-4D6F-8B3A-987654321DEF}"
EndProject
Project("{FAE04EC0-301F-11D3-BF4B-00C04F79EFBC}") = "HelloWorldApi.Tests.Integration", "HelloWorldApi.Tests.Integration\HelloWorldApi.Tests.Integration.csproj", "{8F9D2B4A-1E5C-4D6F-8B3A-987654321FEF}"
EndProject
Global
    GlobalSection(SolutionConfigurationPlatforms) = preSolution
        Debug|Any CPU = Debug|Any CPU
        Release|Any CPU = Release|Any CPU
    EndGlobalSection
    GlobalSection(SolutionProperties) = preSolution
        HideSolutionNode = FALSE
    EndGlobalSection
    GlobalSection(ProjectConfigurationPlatforms) = postSolution
        {72A0F8B7-2C4D-4EF3-9E5A-123456789ABC}.Debug|Any CPU.ActiveCfg = Debug|Any CPU
        {72A0F8B7-2C4D-4EF3-9E5A-123456789ABC}.Debug|Any CPU.Build.0 = Debug|Any CPU
        {72A0F8B7-2C4D-4EF3-9E5A-123456789ABC}.Release|Any CPU.ActiveCfg = Release|Any CPU
        {72A0F8B7-2C4D-4EF3-9E5A-123456789ABC}.Release|Any CPU.Build.0 = Release|Any CPU
        {8F9D2B4A-1E5C-4D6F-8B3A-987654321DEF}.Debug|Any CPU.ActiveCfg = Debug|Any CPU
        {8F9D2B4A-1E5C-4D6F-8B3A-987654321DEF}.Debug|Any CPU.Build.0 = Debug|Any CPU
        {8F9D2B4A-1E5C-4D6F-8B3A-987654321DEF}.Release|Any CPU.ActiveCfg = Release|Any CPU
        {8F9D2B4A-1E5C-4D6F-8B3A-987654321DEF}.Release|Any CPU.Build.0 = Release|Any CPU
        {8F9D2B4A-1E5C-4D6F-8B3A-987654321FEF}.Debug|Any CPU.ActiveCfg = Debug|Any CPU
        {8F9D2B4A-1E5C-4D6F-8B3A-987654321FEF}.Debug|Any CPU.Build.0 = Debug|Any CPU
        {8F9D2B4A-1E5C-4D6F-8B3A-987654321FEF}.Release|Any CPU.ActiveCfg = Release|Any CPU
        {8F9D2B4A-1E5C-4D6F-8B3A-987654321FEF}.Release|Any CPU.Build.0 = Release|Any CPU
    EndGlobalSection
EndGlobal